
Microsoft Visual Studio Solution File, Format Version 12.00
# Visual Studio 15
Project("{FAE04EC0-301F-11D3-BF4B-00C04F79EFBC}") = "Assembly-CSharp-Editor", "Assembly-CSharp-Editor.csproj", "{99536122-BCA0-4563-A175-E3CBB4A86FF9}"
EndProject
Project("{FAE04EC0-301F-11D3-BF4B-00C04F79EFBC}") = "Assembly-CSharp", "Assembly-CSharp.csproj", "{21EE1CB3-9E0E-F30A-995A-E490DFFF5F22}"
EndProject
Global
	GlobalSection(SolutionConfigurationPlatforms) = preSolution
		Debug|Any CPU = Debug|Any CPU
		Release|Any CPU = Release|Any CPU
	EndGlobalSection
	GlobalSection(ProjectConfigurationPlatforms) = postSolution
		{99536122-BCA0-4563-A175-E3CBB4A86FF9}.Debug|Any CPU.ActiveCfg = Debug|Any CPU
		{99536122-BCA0-4563-A175-E3CBB4A86FF9}.Debug|Any CPU.Build.0 = Debug|Any CPU
		{99536122-BCA0-4563-A175-E3CBB4A86FF9}.Release|Any CPU.ActiveCfg = Release|Any CPU
		{99536122-BCA0-4563-A175-E3CBB4A86FF9}.Release|Any CPU.Build.0 = Release|Any CPU
		{21EE1CB3-9E0E-F30A-995A-E490DFFF5F22}.Debug|Any CPU.ActiveCfg = Debug|Any CPU
		{21EE1CB3-9E0E-F30A-995A-E490DFFF5F22}.Debug|Any CPU.Build.0 = Debug|Any CPU
		{21EE1CB3-9E0E-F30A-995A-E490DFFF5F22}.Release|Any CPU.ActiveCfg = Release|Any CPU
		{21EE1CB3-9E0E-F30A-995A-E490DFFF5F22}.Release|Any CPU.Build.0 = Release|Any CPU
	EndGlobalSection
	GlobalSection(SolutionProperties) = preSolution
		HideSolutionNode = FALSE
	EndGlobalSection
EndGlobal
